<?xml version="1.0" encoding="utf-8"?>
<Project ToolsVersion="4.0" xmlns="http://schemas.microsoft.com/developer/msbuild/2003">
  <ItemGroup>
    <Filter Include="ソース ファイル">
      <UniqueIdentifier>{4FC737F1-C7A5-4376-A066-2A32D752A2FF}</UniqueIdentifier>
      <Extensions>cpp;c;cc;cxx;def;odl;idl;hpj;bat;asm;asmx</Extensions>
    </Filter>
    <Filter Include="ヘッダー ファイル">
      <UniqueIdentifier>{93995380-89BD-4b04-88EB-625FBE52EBFB}</UniqueIdentifier>
      <Extensions>h;hh;hpp;hxx;hm;inl;inc;xsd</Extensions>
    </Filter>
    <Filter Include="リソース ファイル">
      <UniqueIdentifier>{67DA6AB6-F800-4c08-8B7A-83BB121AAD01}</UniqueIdentifier>
      <Extensions>rc;ico;cur;bmp;dlg;rc2;rct;bin;rgs;gif;jpg;jpeg;jpe;resx;tiff;tif;png;wav;mfcribbon-ms</Extensions>
    </Filter>
  </ItemGroup>
  <ItemGroup>
    <ClInclude Include="src\generic64\include\magica\int\intop.h">
      <Filter>ヘッダー ファイル</Filter>
    </ClInclude>
    <ClInclude Include="src\generic64\include\magica\int\uint128_impl.h">
      <Filter>ヘッダー ファイル</Filter>
    </ClInclude>
    <ClInclude Include="src\include\magica\int\mgcompat.h">
      <Filter>ヘッダー ファイル</Filter>
    </ClInclude>
    <ClInclude Include="src\generic64\include\magica\int\uint256_impl.h">
      <Filter>ヘッダー ファイル</Filter>
    </ClInclude>
    <ClInclude Include="src\include\magica\int\uint64.h">
      <Filter>ヘッダー ファイル</Filter>
    </ClInclude>
    <ClInclude Include="src\generic64\include\magica\int\uint128_def.h">
      <Filter>ヘッダー ファイル</Filter>
    </ClInclude>
    <ClInclude Include="src\generic64\include\magica\int\uint256_def.h">
      <Filter>ヘッダー ファイル</Filter>
    </ClInclude>
    <ClInclude Include="src\include\magica\int\uint32.h">
      <Filter>ヘッダー ファイル</Filter>
    </ClInclude>
    <ClInclude Include="src\generic32\include\magica\int\intop.h">
      <Filter>ヘッダー ファイル</Filter>
    </ClInclude>
    <ClInclude Include="src\generic32\include\magica\int\uint128_def.h">
      <Filter>ヘッダー ファイル</Filter>
    </ClInclude>
    <ClInclude Include="src\generic32\include\magica\int\uint128_impl.h">
      <Filter>ヘッダー ファイル</Filter>
    </ClInclude>
    <ClInclude Include="src\generic32\include\magica\int\uint256_def.h">
      <Filter>ヘッダー ファイル</Filter>
    </ClInclude>
    <ClInclude Include="src\generic32\include\magica\int\uint256_impl.h">
      <Filter>ヘッダー ファイル</Filter>
    </ClInclude>
    <ClInclude Include="src\include\magica\uint256.h">
      <Filter>ヘッダー ファイル</Filter>
    </ClInclude>
    <ClInclude Include="src\include\magica\uint128.h">
      <Filter>ヘッダー ファイル</Filter>
    </ClInclude>
    <ClInclude Include="src\include\magica\decimal_private_def.h">
      <Filter>ヘッダー ファイル</Filter>
    </ClInclude>
    <ClInclude Include="src\generic64\include\magica\decimal_private_impl.h">
      <Filter>ヘッダー ファイル</Filter>
    </ClInclude>
    <ClInclude Include="include\magica\decimal.h">
      <Filter>ヘッダー ファイル</Filter>
    </ClInclude>
  </ItemGroup>
  <ItemGroup>
    <ClCompile Include="src\generic64\uint128_div.c">
      <Filter>ソース ファイル</Filter>
    </ClCompile>
    <ClCompile Include="test\main.c">
      <Filter>ソース ファイル</Filter>
    </ClCompile>
    <ClCompile Include="src\uint128_conversion.c">
      <Filter>ソース ファイル</Filter>
    </ClCompile>
    <ClCompile Include="src\generic64\uint256_div.c">
      <Filter>ソース ファイル</Filter>
    </ClCompile>
    <ClCompile Include="src\uint256_conversion.c">
      <Filter>ソース ファイル</Filter>
    </ClCompile>
    <ClCompile Include="src\generic32\uint128_div.c">
      <Filter>ソース ファイル</Filter>
    </ClCompile>
    <ClCompile Include="src\generic32\uint256_div.c">
      <Filter>ソース ファイル</Filter>
    </ClCompile>
    <ClCompile Include="src\decimal_parse_string.c">
      <Filter>ソース ファイル</Filter>
    </ClCompile>
    <ClCompile Include="src\decimal_to_string.c">
      <Filter>ソース ファイル</Filter>
    </ClCompile>
    <ClCompile Include="src\generic32\uint256_get_10eN.c">
      <Filter>ソース ファイル</Filter>
    </ClCompile>
    <ClCompile Include="src\generic64\uint256_get_10eN.c">
      <Filter>ソース ファイル</Filter>
    </ClCompile>
    <ClCompile Include="test\test_decimal_to_string.c">
      <Filter>ソース ファイル</Filter>
    </ClCompile>
    <ClCompile Include="test\test_decimal.c">
      <Filter>ソース ファイル</Filter>
    </ClCompile>
    <ClCompile Include="src\decimal_round_down_max_digits.c">
      <Filter>ソース ファイル</Filter>
    </ClCompile>
    <ClCompile Include="src\decimal_multiply.c">
      <Filter>ソース ファイル</Filter>
    </ClCompile>
    <ClCompile Include="test\test_decimal_multiply.c">
      <Filter>ソース ファイル</Filter>
    </ClCompile>
    <ClCompile Include="src\decimal_compare.c">
      <Filter>ソース ファイル</Filter>
    </ClCompile>
    <ClCompile Include="src\decimal_is_zero.c">
      <Filter>ソース ファイル</Filter>
    </ClCompile>
    <ClCompile Include="test\test_decimal_compare.c">
      <Filter>ソース ファイル</Filter>
    </ClCompile>
    <ClCompile Include="src\decimal_add.c">
      <Filter>ソース ファイル</Filter>
    </ClCompile>
    <ClCompile Include="test\test_decimal_add.c">
      <Filter>ソース ファイル</Filter>
    </ClCompile>
    <ClCompile Include="src\decimal_divide.c">
      <Filter>ソース ファイル</Filter>
    </ClCompile>
    <ClCompile Include="src\decimal_negate.c">
      <Filter>ソース ファイル</Filter>
    </ClCompile>
    <ClCompile Include="src\decimal_subtract.c">
      <Filter>ソース ファイル</Filter>
    </ClCompile>
    <ClCompile Include="test\test_decimal_subtract.c">
      <Filter>ソース ファイル</Filter>
    </ClCompile>
    <ClCompile Include="test\test_decimal_divide.c">
      <Filter>ソース ファイル</Filter>
    </ClCompile>
    <ClCompile Include="src\decimal_infinity.c">
      <Filter>ソース ファイル</Filter>
    </ClCompile>
    <ClCompile Include="src\decimal_is_nan.c">
      <Filter>ソース ファイル</Filter>
    </ClCompile>
    <ClCompile Include="src\decimal_nan.c">
      <Filter>ソース ファイル</Filter>
    </ClCompile>
    <ClCompile Include="src\decimal_zero.c">
      <Filter>ソース ファイル</Filter>
    </ClCompile>
    <ClCompile Include="src\decimal_is_positive_infinity.c">
      <Filter>ソース ファイル</Filter>
    </ClCompile>
    <ClCompile Include="src\decimal_is_negative_infinity.c">
      <Filter>ソース ファイル</Filter>
    </ClCompile>
    <ClCompile Include="src\decimal_negative_infinity.c">
      <Filter>ソース ファイル</Filter>
    </ClCompile>
    <ClCompile Include="src\decimal_positive_infinity.c">
      <Filter>ソース ファイル</Filter>
    </ClCompile>
    <ClCompile Include="src\decimal_abs.c">
      <Filter>ソース ファイル</Filter>
    </ClCompile>
    <ClCompile Include="src\decimal_max.c">
      <Filter>ソース ファイル</Filter>
    </ClCompile>
    <ClCompile Include="src\decimal_min.c">
      <Filter>ソース ファイル</Filter>
    </ClCompile>
    <ClCompile Include="src\decimal_value_of_int64.c">
      <Filter>ソース ファイル</Filter>
    </ClCompile>
    <ClCompile Include="src\decimal_value_of_int.c">
      <Filter>ソース ファイル</Filter>
    </ClCompile>
    <ClCompile Include="src\decimal_value_of_uint.c">
      <Filter>ソース ファイル</Filter>
    </ClCompile>
    <ClCompile Include="src\decimal_value_of_uint64.c">
      <Filter>ソース ファイル</Filter>
    </ClCompile>
    <ClCompile Include="src\decimal_to_int.c">
      <Filter>ソース ファイル</Filter>
    </ClCompile>
    <ClCompile Include="src\decimal_to_int64.c">
      <Filter>ソース ファイル</Filter>
    </ClCompile>
    <ClCompile Include="src\decimal_to_uint.c">
      <Filter>ソース ファイル</Filter>
    </ClCompile>
    <ClCompile Include="src\decimal_to_uint64.c">
      <Filter>ソース ファイル</Filter>
    </ClCompile>
    <ClCompile Include="src\decimal_round_ceiling.c">
      <Filter>ソース ファイル</Filter>
    </ClCompile>
    <ClCompile Include="src\decimal_round_down.c">
      <Filter>ソース ファイル</Filter>
    </ClCompile>
    <ClCompile Include="src\decimal_round_floor.c">
      <Filter>ソース ファイル</Filter>
    </ClCompile>
    <ClCompile Include="src\decimal_round_off.c">
      <Filter>ソース ファイル</Filter>
    </ClCompile>
    <ClCompile Include="src\decimal_round_up.c">
      <Filter>ソース ファイル</Filter>
    </ClCompile>
    <ClCompile Include="src\decimal_normalize.c">
      <Filter>ソース ファイル</Filter>
    </ClCompile>
    <ClCompile Include="src\decimal_to_double.c">
      <Filter>ソース ファイル</Filter>
    </ClCompile>
    <ClCompile Include="src\decimal_to_float.c">
      <Filter>ソース ファイル</Filter>
    </ClCompile>
    <ClCompile Include="src\decimal_value_of_double.c">
      <Filter>ソース ファイル</Filter>
    </ClCompile>
    <ClCompile Include="src\decimal_value_of_float.c">
      <Filter>ソース ファイル</Filter>
    </ClCompile>
    <ClCompile Include="test\test_decimal_value_of_int.c">
      <Filter>ソース ファイル</Filter>
    </ClCompile>
    <ClCompile Include="test\test_decimal_value_of_uint.c">
      <Filter>ソース ファイル</Filter>
    </ClCompile>
    <ClCompile Include="test\test_decimal_value_of_int64.c">
      <Filter>ソース ファイル</Filter>
    </ClCompile>
    <ClCompile Include="test\test_decimal_value_of_uint64.c">
      <Filter>ソース ファイル</Filter>
    </ClCompile>
    <ClCompile Include="test\test_decimal_value_of_double.c">
      <Filter>ソース ファイル</Filter>
    </ClCompile>
    <ClCompile Include="test\test_decimal_value_of_float.c">
      <Filter>ソース ファイル</Filter>
    </ClCompile>
    <ClCompile Include="test\test_decimal_to_round_off.c">
      <Filter>ソース ファイル</Filter>
    </ClCompile>
    <ClCompile Include="test\test_decimal_to_ceiling.c">
      <Filter>ソース ファイル</Filter>
    </ClCompile>
    <ClCompile Include="test\test_decimal_to_floor.c">
      <Filter>ソース ファイル</Filter>
    </ClCompile>
    <ClCompile Include="test\test_decimal_to_round_down.c">
      <Filter>ソース ファイル</Filter>
    </ClCompile>
    <ClCompile Include="test\test_decimal_to_round_up.c">
      <Filter>ソース ファイル</Filter>
    </ClCompile>
    <ClCompile Include="test\test_decimal_abs.c">
      <Filter>ソース ファイル</Filter>
    </ClCompile>
    <ClCompile Include="test\test_decimal_max.c">
      <Filter>ソース ファイル</Filter>
    </ClCompile>
    <ClCompile Include="test\test_decimal_min.c">
      <Filter>ソース ファイル</Filter>
    </ClCompile>
  </ItemGroup>
  <ItemGroup>
    <CustomBuild Include="src\x64-win64\uint256_mul_digits_1.nas" />
    <CustomBuild Include="src\x64-win64\uint256_mul_digits.nas" />
    <CustomBuild Include="src\x86\uint256_mul_digits.nas" />
    <CustomBuild Include="src\x86\uint256_mul_digits_1.nas" />
    <CustomBuild Include="src\x86\uint128_mul_digits.nas" />
    <CustomBuild Include="src\x86\uint128_mul_digits_1.nas" />
  </ItemGroup>
</Project>